// !$*UTF8*$!
{
	archiveVersion = 1;
	classes = {
	};
	objectVersion = 55;
	objects = {

/* Begin PBXBuildFile section */
		8A45100128E65D46009BD378 /* ER3DApp.swift in Sources */ = {isa = PBXBuildFile; fileRef = 8A45100028E65D46009BD378 /* ER3DApp.swift */; };
		8A45100328E65D46009BD378 /* ER3DView.swift in Sources */ = {isa = PBXBuildFile; fileRef = 8A45100228E65D46009BD378 /* ER3DView.swift */; };
		8A45100528E65D48009BD378 /* Assets.xcassets in Resources */ = {isa = PBXBuildFile; fileRef = 8A45100428E65D48009BD378 /* Assets.xcassets */; };
		8A45100828E65D48009BD378 /* Preview Assets.xcassets in Resources */ = {isa = PBXBuildFile; fileRef = 8A45100728E65D48009BD378 /* Preview Assets.xcassets */; };
		8A45101228E65D48009BD378 /* ER3DTests.swift in Sources */ = {isa = PBXBuildFile; fileRef = 8A45101128E65D48009BD378 /* ER3DTests.swift */; };
		8A45101C28E65D48009BD378 /* ER3DUITests.swift in Sources */ = {isa = PBXBuildFile; fileRef = 8A45101B28E65D48009BD378 /* ER3DUITests.swift */; };
		8A45101E28E65D48009BD378 /* ER3DUITestsLaunchTests.swift in Sources */ = {isa = PBXBuildFile; fileRef = 8A45101D28E65D48009BD378 /* ER3DUITestsLaunchTests.swift */; };
		8A45102B28E65DCA009BD378 /* ER3DViewModel.swift in Sources */ = {isa = PBXBuildFile; fileRef = 8A45102A28E65DCA009BD378 /* ER3DViewModel.swift */; };
		8A4510AB28E6788C009BD378 /* art.scnassets in Resources */ = {isa = PBXBuildFile; fileRef = 8A4510AA28E6788B009BD378 /* art.scnassets */; };
		8A66F7D72C08CD98001DFB0B /* YawPitchRollSceneModel.swift in Sources */ = {isa = PBXBuildFile; fileRef = 8A66F7D62C08CD98001DFB0B /* YawPitchRollSceneModel.swift */; };
		8A66F7DB2C0A1893001DFB0B /* ER3DSceneModel.swift in Sources */ = {isa = PBXBuildFile; fileRef = 8A66F7DA2C0A1893001DFB0B /* ER3DSceneModel.swift */; };
		8A66F7E62C0A2B5D001DFB0B /* View+Extensions.swift in Sources */ = {isa = PBXBuildFile; fileRef = 8A66F7E12C0A2B49001DFB0B /* View+Extensions.swift */; };
		8A66F7E72C0A2B5D001DFB0B /* SceneKit+Extensions.swift in Sources */ = {isa = PBXBuildFile; fileRef = 8A66F7E02C0A2B49001DFB0B /* SceneKit+Extensions.swift */; };
		8A66F7E82C0A2B62001DFB0B /* FrameNode.swift in Sources */ = {isa = PBXBuildFile; fileRef = 8A66F7E42C0A2B49001DFB0B /* FrameNode.swift */; };
		8A66F7E92C0A2B62001DFB0B /* ArrowNode.swift in Sources */ = {isa = PBXBuildFile; fileRef = 8A66F7E32C0A2B49001DFB0B /* ArrowNode.swift */; };
		8A66F7EB2C0A313D001DFB0B /* Planets.swift in Sources */ = {isa = PBXBuildFile; fileRef = 8A66F7EA2C0A313D001DFB0B /* Planets.swift */; };
/* End PBXBuildFile section */

/* Begin PBXContainerItemProxy section */
		8A45100E28E65D48009BD378 /* PBXContainerItemProxy */ = {
			isa = PBXContainerItemProxy;
			containerPortal = 8A450FF528E65D46009BD378 /* Project object */;
			proxyType = 1;
			remoteGlobalIDString = 8A450FFC28E65D46009BD378;
			remoteInfo = ER3D;
		};
		8A45101828E65D48009BD378 /* PBXContainerItemProxy */ = {
			isa = PBXContainerItemProxy;
			containerPortal = 8A450FF528E65D46009BD378 /* Project object */;
			proxyType = 1;
			remoteGlobalIDString = 8A450FFC28E65D46009BD378;
			remoteInfo = ER3D;
		};
/* End PBXContainerItemProxy section */

/* Begin PBXFileReference section */
		8A450FFD28E65D46009BD378 /* ER3D.app */ = {isa = PBXFileReference; explicitFileType = wrapper.application; includeInIndex = 0; path = ER3D.app; sourceTree = BUILT_PRODUCTS_DIR; };
		8A45100028E65D46009BD378 /* ER3DApp.swift */ = {isa = PBXFileReference; lastKnownFileType = sourcecode.swift; path = ER3DApp.swift; sourceTree = "<group>"; };
		8A45100228E65D46009BD378 /* ER3DView.swift */ = {isa = PBXFileReference; lastKnownFileType = sourcecode.swift; path = ER3DView.swift; sourceTree = "<group>"; };
		8A45100428E65D48009BD378 /* Assets.xcassets */ = {isa = PBXFileReference; lastKnownFileType = folder.assetcatalog; path = Assets.xcassets; sourceTree = "<group>"; };
		8A45100728E65D48009BD378 /* Preview Assets.xcassets */ = {isa = PBXFileReference; lastKnownFileType = folder.assetcatalog; path = "Preview Assets.xcassets"; sourceTree = "<group>"; };
		8A45100D28E65D48009BD378 /* ER3DTests.xctest */ = {isa = PBXFileReference; explicitFileType = wrapper.cfbundle; includeInIndex = 0; path = ER3DTests.xctest; sourceTree = BUILT_PRODUCTS_DIR; };
		8A45101128E65D48009BD378 /* ER3DTests.swift */ = {isa = PBXFileReference; lastKnownFileType = sourcecode.swift; path = ER3DTests.swift; sourceTree = "<group>"; };
		8A45101728E65D48009BD378 /* ER3DUITests.xctest */ = {isa = PBXFileReference; explicitFileType = wrapper.cfbundle; includeInIndex = 0; path = ER3DUITests.xctest; sourceTree = BUILT_PRODUCTS_DIR; };
		8A45101B28E65D48009BD378 /* ER3DUITests.swift */ = {isa = PBXFileReference; lastKnownFileType = sourcecode.swift; path = ER3DUITests.swift; sourceTree = "<group>"; };
		8A45101D28E65D48009BD378 /* ER3DUITestsLaunchTests.swift */ = {isa = PBXFileReference; lastKnownFileType = sourcecode.swift; path = ER3DUITestsLaunchTests.swift; sourceTree = "<group>"; };
		8A45102A28E65DCA009BD378 /* ER3DViewModel.swift */ = {isa = PBXFileReference; lastKnownFileType = sourcecode.swift; path = ER3DViewModel.swift; sourceTree = "<group>"; };
		8A4510AA28E6788B009BD378 /* art.scnassets */ = {isa = PBXFileReference; lastKnownFileType = wrapper.scnassets; path = art.scnassets; sourceTree = "<group>"; };
		8A66F7D62C08CD98001DFB0B /* YawPitchRollSceneModel.swift */ = {isa = PBXFileReference; lastKnownFileType = sourcecode.swift; path = YawPitchRollSceneModel.swift; sourceTree = "<group>"; };
		8A66F7DA2C0A1893001DFB0B /* ER3DSceneModel.swift */ = {isa = PBXFileReference; lastKnownFileType = sourcecode.swift; path = ER3DSceneModel.swift; sourceTree = "<group>"; };
		8A66F7E02C0A2B49001DFB0B /* SceneKit+Extensions.swift */ = {isa = PBXFileReference; lastKnownFileType = sourcecode.swift; path = "SceneKit+Extensions.swift"; sourceTree = "<group>"; };
		8A66F7E12C0A2B49001DFB0B /* View+Extensions.swift */ = {isa = PBXFileReference; lastKnownFileType = sourcecode.swift; path = "View+Extensions.swift"; sourceTree = "<group>"; };
		8A66F7E32C0A2B49001DFB0B /* ArrowNode.swift */ = {isa = PBXFileReference; lastKnownFileType = sourcecode.swift; path = ArrowNode.swift; sourceTree = "<group>"; };
		8A66F7E42C0A2B49001DFB0B /* FrameNode.swift */ = {isa = PBXFileReference; lastKnownFileType = sourcecode.swift; path = FrameNode.swift; sourceTree = "<group>"; };
		8A66F7EA2C0A313D001DFB0B /* Planets.swift */ = {isa = PBXFileReference; fileEncoding = 4; lastKnownFileType = sourcecode.swift; path = Planets.swift; sourceTree = "<group>"; };
/* End PBXFileReference section */

/* Begin PBXFrameworksBuildPhase section */
		8A450FFA28E65D46009BD378 /* Frameworks */ = {
			isa = PBXFrameworksBuildPhase;
			buildActionMask = 2147483647;
			files = (
			);
			runOnlyForDeploymentPostprocessing = 0;
		};
		8A45100A28E65D48009BD378 /* Frameworks */ = {
			isa = PBXFrameworksBuildPhase;
			buildActionMask = 2147483647;
			files = (
			);
			runOnlyForDeploymentPostprocessing = 0;
		};
		8A45101428E65D48009BD378 /* Frameworks */ = {
			isa = PBXFrameworksBuildPhase;
			buildActionMask = 2147483647;
			files = (
			);
			runOnlyForDeploymentPostprocessing = 0;
		};
/* End PBXFrameworksBuildPhase section */

/* Begin PBXGroup section */
		8A450FF428E65D46009BD378 = {
			isa = PBXGroup;
			children = (
				8A450FFF28E65D46009BD378 /* ER3D */,
				8A45101028E65D48009BD378 /* ER3DTests */,
				8A45101A28E65D48009BD378 /* ER3DUITests */,
				8A450FFE28E65D46009BD378 /* Products */,
			);
			sourceTree = "<group>";
		};
		8A450FFE28E65D46009BD378 /* Products */ = {
			isa = PBXGroup;
			children = (
				8A450FFD28E65D46009BD378 /* ER3D.app */,
				8A45100D28E65D48009BD378 /* ER3DTests.xctest */,
				8A45101728E65D48009BD378 /* ER3DUITests.xctest */,
			);
			name = Products;
			sourceTree = "<group>";
		};
		8A450FFF28E65D46009BD378 /* ER3D */ = {
			isa = PBXGroup;
			children = (
				8A45100028E65D46009BD378 /* ER3DApp.swift */,
				8A45100228E65D46009BD378 /* ER3DView.swift */,
				8A45102A28E65DCA009BD378 /* ER3DViewModel.swift */,
				8A66F7DA2C0A1893001DFB0B /* ER3DSceneModel.swift */,
				8A66F7D62C08CD98001DFB0B /* YawPitchRollSceneModel.swift */,
				8A66F7E22C0A2B49001DFB0B /* Extensions */,
				8A66F7E52C0A2B49001DFB0B /* Nodes */,
				8A45100428E65D48009BD378 /* Assets.xcassets */,
				8A4510AA28E6788B009BD378 /* art.scnassets */,
				8A45100628E65D48009BD378 /* Preview Content */,
			);
			path = ER3D;
			sourceTree = "<group>";
		};
		8A45100628E65D48009BD378 /* Preview Content */ = {
			isa = PBXGroup;
			children = (
				8A45100728E65D48009BD378 /* Preview Assets.xcassets */,
			);
			path = "Preview Content";
			sourceTree = "<group>";
		};
		8A45101028E65D48009BD378 /* ER3DTests */ = {
			isa = PBXGroup;
			children = (
				8A45101128E65D48009BD378 /* ER3DTests.swift */,
			);
			path = ER3DTests;
			sourceTree = "<group>";
		};
		8A45101A28E65D48009BD378 /* ER3DUITests */ = {
			isa = PBXGroup;
			children = (
				8A45101B28E65D48009BD378 /* ER3DUITests.swift */,
				8A45101D28E65D48009BD378 /* ER3DUITestsLaunchTests.swift */,
			);
			path = ER3DUITests;
			sourceTree = "<group>";
		};
		8A66F7E22C0A2B49001DFB0B /* Extensions */ = {
			isa = PBXGroup;
			children = (
				8A66F7E02C0A2B49001DFB0B /* SceneKit+Extensions.swift */,
				8A66F7E12C0A2B49001DFB0B /* View+Extensions.swift */,
			);
			path = Extensions;
			sourceTree = "<group>";
		};
		8A66F7E52C0A2B49001DFB0B /* Nodes */ = {
			isa = PBXGroup;
			children = (
				8A66F7E32C0A2B49001DFB0B /* ArrowNode.swift */,
				8A66F7EA2C0A313D001DFB0B /* Planets.swift */,
				8A66F7E42C0A2B49001DFB0B /* FrameNode.swift */,
			);
			path = Nodes;
			sourceTree = "<group>";
		};
/* End PBXGroup section */

/* Begin PBXNativeTarget section */
		8A450FFC28E65D46009BD378 /* ER3D */ = {
			isa = PBXNativeTarget;
			buildConfigurationList = 8A45102128E65D48009BD378 /* Build configuration list for PBXNativeTarget "ER3D" */;
			buildPhases = (
				8A450FF928E65D46009BD378 /* Sources */,
				8A450FFA28E65D46009BD378 /* Frameworks */,
				8A450FFB28E65D46009BD378 /* Resources */,
			);
			buildRules = (
			);
			dependencies = (
			);
			name = ER3D;
			productName = ER3D;
			productReference = 8A450FFD28E65D46009BD378 /* ER3D.app */;
			productType = "com.apple.product-type.application";
		};
		8A45100C28E65D48009BD378 /* ER3DTests */ = {
			isa = PBXNativeTarget;
			buildConfigurationList = 8A45102428E65D48009BD378 /* Build configuration list for PBXNativeTarget "ER3DTests" */;
			buildPhases = (
				8A45100928E65D48009BD378 /* Sources */,
				8A45100A28E65D48009BD378 /* Frameworks */,
				8A45100B28E65D48009BD378 /* Resources */,
			);
			buildRules = (
			);
			dependencies = (
				8A45100F28E65D48009BD378 /* PBXTargetDependency */,
			);
			name = ER3DTests;
			productName = ER3DTests;
			productReference = 8A45100D28E65D48009BD378 /* ER3DTests.xctest */;
			productType = "com.apple.product-type.bundle.unit-test";
		};
		8A45101628E65D48009BD378 /* ER3DUITests */ = {
			isa = PBXNativeTarget;
			buildConfigurationList = 8A45102728E65D48009BD378 /* Build configuration list for PBXNativeTarget "ER3DUITests" */;
			buildPhases = (
				8A45101328E65D48009BD378 /* Sources */,
				8A45101428E65D48009BD378 /* Frameworks */,
				8A45101528E65D48009BD378 /* Resources */,
			);
			buildRules = (
			);
			dependencies = (
				8A45101928E65D48009BD378 /* PBXTargetDependency */,
			);
			name = ER3DUITests;
			productName = ER3DUITests;
			productReference = 8A45101728E65D48009BD378 /* ER3DUITests.xctest */;
			productType = "com.apple.product-type.bundle.ui-testing";
		};
/* End PBXNativeTarget section */

/* Begin PBXProject section */
		8A450FF528E65D46009BD378 /* Project object */ = {
			isa = PBXProject;
			attributes = {
				BuildIndependentTargetsInParallel = 1;
				LastSwiftUpdateCheck = 1340;
				LastUpgradeCheck = 1540;
				TargetAttributes = {
					8A450FFC28E65D46009BD378 = {
						CreatedOnToolsVersion = 13.4.1;
					};
					8A45100C28E65D48009BD378 = {
						CreatedOnToolsVersion = 13.4.1;
						TestTargetID = 8A450FFC28E65D46009BD378;
					};
					8A45101628E65D48009BD378 = {
						CreatedOnToolsVersion = 13.4.1;
						TestTargetID = 8A450FFC28E65D46009BD378;
					};
				};
			};
			buildConfigurationList = 8A450FF828E65D46009BD378 /* Build configuration list for PBXProject "ER3D" */;
			compatibilityVersion = "Xcode 13.0";
			developmentRegion = en;
			hasScannedForEncodings = 0;
			knownRegions = (
				en,
				Base,
			);
			mainGroup = 8A450FF428E65D46009BD378;
			productRefGroup = 8A450FFE28E65D46009BD378 /* Products */;
			projectDirPath = "";
			projectRoot = "";
			targets = (
				8A450FFC28E65D46009BD378 /* ER3D */,
				8A45100C28E65D48009BD378 /* ER3DTests */,
				8A45101628E65D48009BD378 /* ER3DUITests */,
			);
		};
/* End PBXProject section */

/* Begin PBXResourcesBuildPhase section */
		8A450FFB28E65D46009BD378 /* Resources */ = {
			isa = PBXResourcesBuildPhase;
			buildActionMask = 2147483647;
			files = (
				8A45100828E65D48009BD378 /* Preview Assets.xcassets in Resources */,
				8A4510AB28E6788C009BD378 /* art.scnassets in Resources */,
				8A45100528E65D48009BD378 /* Assets.xcassets in Resources */,
			);
			runOnlyForDeploymentPostprocessing = 0;
		};
		8A45100B28E65D48009BD378 /* Resources */ = {
			isa = PBXResourcesBuildPhase;
			buildActionMask = 2147483647;
			files = (
			);
			runOnlyForDeploymentPostprocessing = 0;
		};
		8A45101528E65D48009BD378 /* Resources */ = {
			isa = PBXResourcesBuildPhase;
			buildActionMask = 2147483647;
			files = (
			);
			runOnlyForDeploymentPostprocessing = 0;
		};
/* End PBXResourcesBuildPhase section */

/* Begin PBXSourcesBuildPhase section */
		8A450FF928E65D46009BD378 /* Sources */ = {
			isa = PBXSourcesBuildPhase;
			buildActionMask = 2147483647;
			files = (
				8A66F7E72C0A2B5D001DFB0B /* SceneKit+Extensions.swift in Sources */,
				8A66F7EB2C0A313D001DFB0B /* Planets.swift in Sources */,
				8A45100328E65D46009BD378 /* ER3DView.swift in Sources */,
				8A45102B28E65DCA009BD378 /* ER3DViewModel.swift in Sources */,
				8A66F7E82C0A2B62001DFB0B /* FrameNode.swift in Sources */,
				8A66F7DB2C0A1893001DFB0B /* ER3DSceneModel.swift in Sources */,
				8A66F7E92C0A2B62001DFB0B /* ArrowNode.swift in Sources */,
				8A66F7D72C08CD98001DFB0B /* YawPitchRollSceneModel.swift in Sources */,
				8A66F7E62C0A2B5D001DFB0B /* View+Extensions.swift in Sources */,
				8A45100128E65D46009BD378 /* ER3DApp.swift in Sources */,
			);
			runOnlyForDeploymentPostprocessing = 0;
		};
		8A45100928E65D48009BD378 /* Sources */ = {
			isa = PBXSourcesBuildPhase;
			buildActionMask = 2147483647;
			files = (
				8A45101228E65D48009BD378 /* ER3DTests.swift in Sources */,
			);
			runOnlyForDeploymentPostprocessing = 0;
		};
		8A45101328E65D48009BD378 /* Sources */ = {
			isa = PBXSourcesBuildPhase;
			buildActionMask = 2147483647;
			files = (
				8A45101E28E65D48009BD378 /* ER3DUITestsLaunchTests.swift in Sources */,
				8A45101C28E65D48009BD378 /* ER3DUITests.swift in Sources */,
			);
			runOnlyForDeploymentPostprocessing = 0;
		};
/* End PBXSourcesBuildPhase section */

/* Begin PBXTargetDependency section */
		8A45100F28E65D48009BD378 /* PBXTargetDependency */ = {
			isa = PBXTargetDependency;
			target = 8A450FFC28E65D46009BD378 /* ER3D */;
			targetProxy = 8A45100E28E65D48009BD378 /* PBXContainerItemProxy */;
		};
		8A45101928E65D48009BD378 /* PBXTargetDependency */ = {
			isa = PBXTargetDependency;
			target = 8A450FFC28E65D46009BD378 /* ER3D */;
			targetProxy = 8A45101828E65D48009BD378 /* PBXContainerItemProxy */;
		};
/* End PBXTargetDependency section */

/* Begin XCBuildConfiguration section */
		8A45101F28E65D48009BD378 /* Debug */ = {
			isa = XCBuildConfiguration;
			buildSettings = {
				ALWAYS_SEARCH_USER_PATHS = NO;
				CLANG_ANALYZER_NONNULL = YES;
				CLANG_ANALYZER_NUMBER_OBJECT_CONVERSION = YES_AGGRESSIVE;
				CLANG_CXX_LANGUAGE_STANDARD = "gnu++17";
				CLANG_ENABLE_MODULES = YES;
				CLANG_ENABLE_OBJC_ARC = YES;
				CLANG_ENABLE_OBJC_WEAK = YES;
				CLANG_WARN_BLOCK_CAPTURE_AUTORELEASING = YES;
				CLANG_WARN_BOOL_CONVERSION = YES;
				CLANG_WARN_COMMA = YES;
				CLANG_WARN_CONSTANT_CONVERSION = YES;
				CLANG_WARN_DEPRECATED_OBJC_IMPLEMENTATIONS = YES;
				CLANG_WARN_DIRECT_OBJC_ISA_USAGE = YES_ERROR;
				CLANG_WARN_DOCUMENTATION_COMMENTS = YES;
				CLANG_WARN_EMPTY_BODY = YES;
				CLANG_WARN_ENUM_CONVERSION = YES;
				CLANG_WARN_INFINITE_RECURSION = YES;
				CLANG_WARN_INT_CONVERSION = YES;
				CLANG_WARN_NON_LITERAL_NULL_CONVERSION = YES;
				CLANG_WARN_OBJC_IMPLICIT_RETAIN_SELF = YES;
				CLANG_WARN_OBJC_LITERAL_CONVERSION = YES;
				CLANG_WARN_OBJC_ROOT_CLASS = YES_ERROR;
				CLANG_WARN_QUOTED_INCLUDE_IN_FRAMEWORK_HEADER = YES;
				CLANG_WARN_RANGE_LOOP_ANALYSIS = YES;
				CLANG_WARN_STRICT_PROTOTYPES = YES;
				CLANG_WARN_SUSPICIOUS_MOVE = YES;
				CLANG_WARN_UNGUARDED_AVAILABILITY = YES_AGGRESSIVE;
				CLANG_WARN_UNREACHABLE_CODE = YES;
				CLANG_WARN__DUPLICATE_METHOD_MATCH = YES;
				COPY_PHASE_STRIP = NO;
				DEBUG_INFORMATION_FORMAT = dwarf;
				ENABLE_STRICT_OBJC_MSGSEND = YES;
				ENABLE_TESTABILITY = YES;
				ENABLE_USER_SCRIPT_SANDBOXING = YES;
				GCC_C_LANGUAGE_STANDARD = gnu11;
				GCC_DYNAMIC_NO_PIC = NO;
				GCC_NO_COMMON_BLOCKS = YES;
				GCC_OPTIMIZATION_LEVEL = 0;
				GCC_PREPROCESSOR_DEFINITIONS = (
					"DEBUG=1",
					"$(inherited)",
				);
				GCC_WARN_64_TO_32_BIT_CONVERSION = YES;
				GCC_WARN_ABOUT_RETURN_TYPE = YES_ERROR;
				GCC_WARN_UNDECLARED_SELECTOR = YES;
				GCC_WARN_UNINITIALIZED_AUTOS = YES_AGGRESSIVE;
				GCC_WARN_UNUSED_FUNCTION = YES;
				GCC_WARN_UNUSED_VARIABLE = YES;
				IPHONEOS_DEPLOYMENT_TARGET = 15.5;
				MTL_ENABLE_DEBUG_INFO = INCLUDE_SOURCE;
				MTL_FAST_MATH = YES;
				ONLY_ACTIVE_ARCH = YES;
				SDKROOT = iphoneos;
				SWIFT_ACTIVE_COMPILATION_CONDITIONS = DEBUG;
				SWIFT_OPTIMIZATION_LEVEL = "-Onone";
			};
			name = Debug;
		};
		8A45102028E65D48009BD378 /* Release */ = {
			isa = XCBuildConfiguration;
			buildSettings = {
				ALWAYS_SEARCH_USER_PATHS = NO;
				CLANG_ANALYZER_NONNULL = YES;
				CLANG_ANALYZER_NUMBER_OBJECT_CONVERSION = YES_AGGRESSIVE;
				CLANG_CXX_LANGUAGE_STANDARD = "gnu++17";
				CLANG_ENABLE_MODULES = YES;
				CLANG_ENABLE_OBJC_ARC = YES;
				CLANG_ENABLE_OBJC_WEAK = YES;
				CLANG_WARN_BLOCK_CAPTURE_AUTORELEASING = YES;
				CLANG_WARN_BOOL_CONVERSION = YES;
				CLANG_WARN_COMMA = YES;
				CLANG_WARN_CONSTANT_CONVERSION = YES;
				CLANG_WARN_DEPRECATED_OBJC_IMPLEMENTATIONS = YES;
				CLANG_WARN_DIRECT_OBJC_ISA_USAGE = YES_ERROR;
				CLANG_WARN_DOCUMENTATION_COMMENTS = YES;
				CLANG_WARN_EMPTY_BODY = YES;
				CLANG_WARN_ENUM_CONVERSION = YES;
				CLANG_WARN_INFINITE_RECURSION = YES;
				CLANG_WARN_INT_CONVERSION = YES;
				CLANG_WARN_NON_LITERAL_NULL_CONVERSION = YES;
				CLANG_WARN_OBJC_IMPLICIT_RETAIN_SELF = YES;
				CLANG_WARN_OBJC_LITERAL_CONVERSION = YES;
				CLANG_WARN_OBJC_ROOT_CLASS = YES_ERROR;
				CLANG_WARN_QUOTED_INCLUDE_IN_FRAMEWORK_HEADER = YES;
				CLANG_WARN_RANGE_LOOP_ANALYSIS = YES;
				CLANG_WARN_STRICT_PROTOTYPES = YES;
				CLANG_WARN_SUSPICIOUS_MOVE = YES;
				CLANG_WARN_UNGUARDED_AVAILABILITY = YES_AGGRESSIVE;
				CLANG_WARN_UNREACHABLE_CODE = YES;
				CLANG_WARN__DUPLICATE_METHOD_MATCH = YES;
				COPY_PHASE_STRIP = NO;
				DEBUG_INFORMATION_FORMAT = "dwarf-with-dsym";
				ENABLE_NS_ASSERTIONS = NO;
				ENABLE_STRICT_OBJC_MSGSEND = YES;
				ENABLE_USER_SCRIPT_SANDBOXING = YES;
				GCC_C_LANGUAGE_STANDARD = gnu11;
				GCC_NO_COMMON_BLOCKS = YES;
				GCC_WARN_64_TO_32_BIT_CONVERSION = YES;
				GCC_WARN_ABOUT_RETURN_TYPE = YES_ERROR;
				GCC_WARN_UNDECLARED_SELECTOR = YES;
				GCC_WARN_UNINITIALIZED_AUTOS = YES_AGGRESSIVE;
				GCC_WARN_UNUSED_FUNCTION = YES;
				GCC_WARN_UNUSED_VARIABLE = YES;
				IPHONEOS_DEPLOYMENT_TARGET = 15.5;
				MTL_ENABLE_DEBUG_INFO = NO;
				MTL_FAST_MATH = YES;
				SDKROOT = iphoneos;
				SWIFT_COMPILATION_MODE = wholemodule;
				SWIFT_OPTIMIZATION_LEVEL = "-O";
				VALIDATE_PRODUCT = YES;
			};
			name = Release;
		};
		8A45102228E65D48009BD378 /* Debug */ = {
			isa = XCBuildConfiguration;
			buildSettings = {
				ASSETCATALOG_COMPILER_APPICON_NAME = AppIcon;
				ASSETCATALOG_COMPILER_GLOBAL_ACCENT_COLOR_NAME = AccentColor;
				CODE_SIGN_STYLE = Automatic;
				CURRENT_PROJECT_VERSION = 1;
				DEVELOPMENT_ASSET_PATHS = "\"ER3D/Preview Content\"";
				DEVELOPMENT_TEAM = 59VPT4KMHW;
				ENABLE_PREVIEWS = YES;
				GENERATE_INFOPLIST_FILE = YES;
				INFOPLIST_KEY_LSApplicationCategoryType = "public.app-category.education";
				INFOPLIST_KEY_UIApplicationSceneManifest_Generation = YES;
				INFOPLIST_KEY_UIApplicationSupportsIndirectInputEvents = YES;
				INFOPLIST_KEY_UILaunchScreen_Generation = YES;
				INFOPLIST_KEY_UISupportedInterfaceOrientations_iPad = "UIInterfaceOrientationPortrait UIInterfaceOrientationPortraitUpsideDown UIInterfaceOrientationLandscapeLeft UIInterfaceOrientationLandscapeRight";
				INFOPLIST_KEY_UISupportedInterfaceOrientations_iPhone = "UIInterfaceOrientationPortrait UIInterfaceOrientationLandscapeLeft UIInterfaceOrientationLandscapeRight";
				IPHONEOS_DEPLOYMENT_TARGET = 17.0;
				LD_RUNPATH_SEARCH_PATHS = (
					"$(inherited)",
					"@executable_path/Frameworks",
				);
				MARKETING_VERSION = 1.0;
				PRODUCT_BUNDLE_IDENTIFIER = dcsimulationstudio.ER3D;
				PRODUCT_NAME = "$(TARGET_NAME)";
				SWIFT_EMIT_LOC_STRINGS = YES;
				SWIFT_VERSION = 5.0;
				TARGETED_DEVICE_FAMILY = "1,2";
			};
			name = Debug;
		};
		8A45102328E65D48009BD378 /* Release */ = {
			isa = XCBuildConfiguration;
			buildSettings = {
				ASSETCATALOG_COMPILER_APPICON_NAME = AppIcon;
				ASSETCATALOG_COMPILER_GLOBAL_ACCENT_COLOR_NAME = AccentColor;
				CODE_SIGN_STYLE = Automatic;
				CURRENT_PROJECT_VERSION = 1;
				DEVELOPMENT_ASSET_PATHS = "\"ER3D/Preview Content\"";
				DEVELOPMENT_TEAM = 59VPT4KMHW;
				ENABLE_PREVIEWS = YES;
				GENERATE_INFOPLIST_FILE = YES;
				INFOPLIST_KEY_LSApplicationCategoryType = "public.app-category.education";
				INFOPLIST_KEY_UIApplicationSceneManifest_Generation = YES;
				INFOPLIST_KEY_UIApplicationSupportsIndirectInputEvents = YES;
				INFOPLIST_KEY_UILaunchScreen_Generation = YES;
				INFOPLIST_KEY_UISupportedInterfaceOrientations_iPad = "UIInterfaceOrientationPortrait UIInterfaceOrientationPortraitUpsideDown UIInterfaceOrientationLandscapeLeft UIInterfaceOrientationLandscapeRight";
				INFOPLIST_KEY_UISupportedInterfaceOrientations_iPhone = "UIInterfaceOrientationPortrait UIInterfaceOrientationLandscapeLeft UIInterfaceOrientationLandscapeRight";
				IPHONEOS_DEPLOYMENT_TARGET = 17.0;
				LD_RUNPATH_SEARCH_PATHS = (
					"$(inherited)",
					"@executable_path/Frameworks",
				);
				MARKETING_VERSION = 1.0;
				PRODUCT_BUNDLE_IDENTIFIER = dcsimulationstudio.ER3D;
				PRODUCT_NAME = "$(TARGET_NAME)";
				SWIFT_EMIT_LOC_STRINGS = YES;
				SWIFT_VERSION = 5.0;
				TARGETED_DEVICE_FAMILY = "1,2";
			};
			name = Release;
		};
		8A45102528E65D48009BD378 /* Debug */ = {
			isa = XCBuildConfiguration;
			buildSettings = {
				ALWAYS_EMBED_SWIFT_STANDARD_LIBRARIES = YES;
				BUNDLE_LOADER = "$(TEST_HOST)";
				CODE_SIGN_STYLE = Automatic;
				CURRENT_PROJECT_VERSION = 1;
				DEVELOPMENT_TEAM = 59VPT4KMHW;
				GENERATE_INFOPLIST_FILE = YES;
				IPHONEOS_DEPLOYMENT_TARGET = 15.5;
				MARKETING_VERSION = 1.0;
				PRODUCT_BUNDLE_IDENTIFIER = dcsimulationstudio.ER3DTests;
				PRODUCT_NAME = "$(TARGET_NAME)";
				SWIFT_EMIT_LOC_STRINGS = NO;
				SWIFT_VERSION = 5.0;
				TARGETED_DEVICE_FAMILY = "1,2";
				TEST_HOST = "$(BUILT_PRODUCTS_DIR)/ER3D.app/ER3D";
			};
			name = Debug;
		};
		8A45102628E65D48009BD378 /* Release */ = {
			isa = XCBuildConfiguration;
			buildSettings = {
				ALWAYS_EMBED_SWIFT_STANDARD_LIBRARIES = YES;
				BUNDLE_LOADER = "$(TEST_HOST)";
				CODE_SIGN_STYLE = Automatic;
				CURRENT_PROJECT_VERSION = 1;
				DEVELOPMENT_TEAM = 59VPT4KMHW;
				GENERATE_INFOPLIST_FILE = YES;
				IPHONEOS_DEPLOYMENT_TARGET = 15.5;
				MARKETING_VERSION = 1.0;
				PRODUCT_BUNDLE_IDENTIFIER = dcsimulationstudio.ER3DTests;
				PRODUCT_NAME = "$(TARGET_NAME)";
				SWIFT_EMIT_LOC_STRINGS = NO;
				SWIFT_VERSION = 5.0;
				TARGETED_DEVICE_FAMILY = "1,2";
				TEST_HOST = "$(BUILT_PRODUCTS_DIR)/ER3D.app/ER3D";
			};
			name = Release;
		};
		8A45102828E65D48009BD378 /* Debug */ = {
			isa = XCBuildConfiguration;
			buildSettings = {
				ALWAYS_EMBED_SWIFT_STANDARD_LIBRARIES = YES;
				CODE_SIGN_STYLE = Automatic;
				CURRENT_PROJECT_VERSION = 1;
				DEVELOPMENT_TEAM = 59VPT4KMHW;
				GENERATE_INFOPLIST_FILE = YES;
				MARKETING_VERSION = 1.0;
				PRODUCT_BUNDLE_IDENTIFIER = dcsimulationstudio.ER3DUITests;
				PRODUCT_NAME = "$(TARGET_NAME)";
				SWIFT_EMIT_LOC_STRINGS = NO;
				SWIFT_VERSION = 5.0;
				TARGETED_DEVICE_FAMILY = "1,2";
				TEST_TARGET_NAME = ER3D;
			};
			name = Debug;
		};
		8A45102928E65D48009BD378 /* Release */ = {
			isa = XCBuildConfiguration;
			buildSettings = {
				ALWAYS_EMBED_SWIFT_STANDARD_LIBRARIES = YES;
				CODE_SIGN_STYLE = Automatic;
				CURRENT_PROJECT_VERSION = 1;
				DEVELOPMENT_TEAM = 59VPT4KMHW;
				GENERATE_INFOPLIST_FILE = YES;
				MARKETING_VERSION = 1.0;
				PRODUCT_BUNDLE_IDENTIFIER = dcsimulationstudio.ER3DUITests;
				PRODUCT_NAME = "$(TARGET_NAME)";
				SWIFT_EMIT_LOC_STRINGS = NO;
				SWIFT_VERSION = 5.0;
				TARGETED_DEVICE_FAMILY = "1,2";
				TEST_TARGET_NAME = ER3D;
			};
			name = Release;
		};
/* End XCBuildConfiguration section */

/* Begin XCConfigurationList section */
		8A450FF828E65D46009BD378 /* Build configuration list for PBXProject "ER3D" */ = {
			isa = XCConfigurationList;
			buildConfigurations = (
				8A45101F28E65D48009BD378 /* Debug */,
				8A45102028E65D48009BD378 /* Release */,
			);
			defaultConfigurationIsVisible = 0;
			defaultConfigurationName = Release;
		};
		8A45102128E65D48009BD378 /* Build configuration list for PBXNativeTarget "ER3D" */ = {
			isa = XCConfigurationList;
			buildConfigurations = (
				8A45102228E65D48009BD378 /* Debug */,
				8A45102328E65D48009BD378 /* Release */,
			);
			defaultConfigurationIsVisible = 0;
			defaultConfigurationName = Release;
		};
		8A45102428E65D48009BD378 /* Build configuration list for PBXNativeTarget "ER3DTests" */ = {
			isa = XCConfigurationList;
			buildConfigurations = (
				8A45102528E65D48009BD378 /* Debug */,
				8A45102628E65D48009BD378 /* Release */,
			);
			defaultConfigurationIsVisible = 0;
			defaultConfigurationName = Release;
		};
		8A45102728E65D48009BD378 /* Build configuration list for PBXNativeTarget "ER3DUITests" */ = {
			isa = XCConfigurationList;
			buildConfigurations = (
				8A45102828E65D48009BD378 /* Debug */,
				8A45102928E65D48009BD378 /* Release */,
			);
			defaultConfigurationIsVisible = 0;
			defaultConfigurationName = Release;
		};
/* End XCConfigurationList section */
	};
	rootObject = 8A450FF528E65D46009BD378 /* Project object */;
}
